
Microsoft Visual Studio Solution File, Format Version 12.00
# Visual Studio Version 17
VisualStudioVersion = 17.4.33213.308
MinimumVisualStudioVersion = 10.0.40219.1
Project("{FAE04EC0-301F-11D3-BF4B-00C04F79EFBC}") = "PracticalProjectGuessANumber", "PracticalProjectGuessANumber\PracticalProjectGuessANumber.csproj", "{9D314DE8-0079-4836-8CB6-1226E99652D9}"
EndProject
Project("{FAE04EC0-301F-11D3-BF4B-00C04F79EFBC}") = "ConsoleApp1", "ConsoleApp1\ConsoleApp1.csproj", "{642EACC2-6269-4AFE-9553-497F1E3E389F}"
EndProject
Global
	GlobalSection(SolutionConfigurationPlatforms) = preSolution
		Debug|Any CPU = Debug|Any CPU
		Release|Any CPU = Release|Any CPU
	EndGlobalSection
	GlobalSection(ProjectConfigurationPlatforms) = postSolution
		{9D314DE8-0079-4836-8CB6-1226E99652D9}.Debug|Any CPU.ActiveCfg = Debug|Any CPU
		{9D314DE8-0079-4836-8CB6-1226E99652D9}.Debug|Any CPU.Build.0 = Debug|Any CPU
		{9D314DE8-0079-4836-8CB6-1226E99652D9}.Release|Any CPU.ActiveCfg = Release|Any CPU
		{9D314DE8-0079-4836-8CB6-1226E99652D9}.Release|Any CPU.Build.0 = Release|Any CPU
		{642EACC2-6269-4AFE-9553-497F1E3E389F}.Debug|Any CPU.ActiveCfg = Debug|Any CPU
		{642EACC2-6269-4AFE-9553-497F1E3E389F}.Debug|Any CPU.Build.0 = Debug|Any CPU
		{642EACC2-6269-4AFE-9553-497F1E3E389F}.Release|Any CPU.ActiveCfg = Release|Any CPU
		{642EACC2-6269-4AFE-9553-497F1E3E389F}.Release|Any CPU.Build.0 = Release|Any CPU
	EndGlobalSection
	GlobalSection(SolutionProperties) = preSolution
		HideSolutionNode = FALSE
	EndGlobalSection
	GlobalSection(ExtensibilityGlobals) = postSolution
		SolutionGuid = {E1A3990F-B42E-495C-BBCF-00FB898DBC41}
	EndGlobalSection
EndGlobal
